
Microsoft Visual Studio Solution File, Format Version 12.00
# Visual Studio 15
VisualStudioVersion = 15.0.27703.2035
MinimumVisualStudioVersion = 10.0.40219.1
Project("{FAE04EC0-301F-11D3-BF4B-00C04F79EFBC}") = "Vgather", "Vgather\Vgather.csproj", "{8A06EA7C-3F18-43D8-97C0-F5D3B97F1029}"
EndProject
Global
	GlobalSection(SolutionConfigurationPlatforms) = preSolution
		Debug|Any CPU = Debug|Any CPU
		Release|Any CPU = Release|Any CPU
	EndGlobalSection
	GlobalSection(ProjectConfigurationPlatforms) = postSolution
		{8A06EA7C-3F18-43D8-97C0-F5D3B97F1029}.Debug|Any CPU.ActiveCfg = Debug|Any CPU
		{8A06EA7C-3F18-43D8-97C0-F5D3B97F1029}.Debug|Any CPU.Build.0 = Debug|Any CPU
		{8A06EA7C-3F18-43D8-97C0-F5D3B97F1029}.Release|Any CPU.ActiveCfg = Release|Any CPU
		{8A06EA7C-3F18-43D8-97C0-F5D3B97F1029}.Release|Any CPU.Build.0 = Release|Any CPU
	EndGlobalSection
	GlobalSection(SolutionProperties) = preSolution
		HideSolutionNode = FALSE
	EndGlobalSection
	GlobalSection(ExtensibilityGlobals) = postSolution
		SolutionGuid = {91349A06-8C27-48C0-BACD-D251F2880AAC}
	EndGlobalSection
EndGlobal
